
Microsoft Visual Studio Solution File, Format Version 12.00
# Visual Studio Version 16
VisualStudioVersion = 16.0.28803.202
MinimumVisualStudioVersion = 10.0.40219.1
Project("{9A19103F-16F7-4668-BE54-9A1E7A4F7556}") = "NUnitTestProject2", "NUnitTestProject2\NUnitTestProject2.csproj", "{334DF67B-C717-4B84-9018-C7886E210F8C}"
EndProject
Project("{2150E333-8FDC-42A3-9474-1A3956D46DE8}") = "Solution Items", "Solution Items", "{72223D0F-4957-4ADB-8E3C-57B3405BD086}"
	ProjectSection(SolutionItems) = preProject
		Config.json = Config.json
	EndProjectSection
EndProject
Global
	GlobalSection(SolutionConfigurationPlatforms) = preSolution
		Debug|Any CPU = Debug|Any CPU
		Release|Any CPU = Release|Any CPU
	EndGlobalSection
	GlobalSection(ProjectConfigurationPlatforms) = postSolution
		{334DF67B-C717-4B84-9018-C7886E210F8C}.Debug|Any CPU.ActiveCfg = Debug|Any CPU
		{334DF67B-C717-4B84-9018-C7886E210F8C}.Debug|Any CPU.Build.0 = Debug|Any CPU
		{334DF67B-C717-4B84-9018-C7886E210F8C}.Release|Any CPU.ActiveCfg = Release|Any CPU
		{334DF67B-C717-4B84-9018-C7886E210F8C}.Release|Any CPU.Build.0 = Release|Any CPU
	EndGlobalSection
	GlobalSection(SolutionProperties) = preSolution
		HideSolutionNode = FALSE
	EndGlobalSection
	GlobalSection(ExtensibilityGlobals) = postSolution
		SolutionGuid = {45E603D7-51DD-407D-89BC-10D43341DA28}
	EndGlobalSection
EndGlobal
